
Microsoft Visual Studio Solution File, Format Version 12.00
# Visual Studio Version 17
VisualStudioVersion = 17.7.34018.315
MinimumVisualStudioVersion = 10.0.40219.1
Project("{9A19103F-16F7-4668-BE54-9A1E7A4F7556}") = "IT.ELEC1C.LeagueView.MVC", "IT.ELEC1C.Module8.MVC\IT.ELEC1C.LeagueView.MVC.csproj", "{6A743A25-7532-4837-AD41-5E26038555BF}"
EndProject
Global
	GlobalSection(SolutionConfigurationPlatforms) = preSolution
		Debug|Any CPU = Debug|Any CPU
		Release|Any CPU = Release|Any CPU
	EndGlobalSection
	GlobalSection(ProjectConfigurationPlatforms) = postSolution
		{6A743A25-7532-4837-AD41-5E26038555BF}.Debug|Any CPU.ActiveCfg = Debug|Any CPU
		{6A743A25-7532-4837-AD41-5E26038555BF}.Debug|Any CPU.Build.0 = Debug|Any CPU
		{6A743A25-7532-4837-AD41-5E26038555BF}.Release|Any CPU.ActiveCfg = Release|Any CPU
		{6A743A25-7532-4837-AD41-5E26038555BF}.Release|Any CPU.Build.0 = Release|Any CPU
	EndGlobalSection
	GlobalSection(SolutionProperties) = preSolution
		HideSolutionNode = FALSE
	EndGlobalSection
	GlobalSection(ExtensibilityGlobals) = postSolution
		SolutionGuid = {7818AAAD-0DEF-4BC7-92CC-42D9F5F0ED28}
	EndGlobalSection
EndGlobal
